
Microsoft Visual Studio Solution File, Format Version 12.00
# Visual Studio Version 17
VisualStudioVersion = 17.4.33122.133
MinimumVisualStudioVersion = 10.0.40219.1
Project("{FAE04EC0-301F-11D3-BF4B-00C04F79EFBC}") = "Colocviu", "Colocviu.csproj", "{55654B08-3C43-4C7B-98E7-5B6A96F52DA6}"
EndProject
Global
	GlobalSection(SolutionConfigurationPlatforms) = preSolution
		Debug|Any CPU = Debug|Any CPU
		Release|Any CPU = Release|Any CPU
	EndGlobalSection
	GlobalSection(ProjectConfigurationPlatforms) = postSolution
		{55654B08-3C43-4C7B-98E7-5B6A96F52DA6}.Debug|Any CPU.ActiveCfg = Debug|Any CPU
		{55654B08-3C43-4C7B-98E7-5B6A96F52DA6}.Debug|Any CPU.Build.0 = Debug|Any CPU
		{55654B08-3C43-4C7B-98E7-5B6A96F52DA6}.Release|Any CPU.ActiveCfg = Release|Any CPU
		{55654B08-3C43-4C7B-98E7-5B6A96F52DA6}.Release|Any CPU.Build.0 = Release|Any CPU
	EndGlobalSection
	GlobalSection(SolutionProperties) = preSolution
		HideSolutionNode = FALSE
	EndGlobalSection
	GlobalSection(ExtensibilityGlobals) = postSolution
		SolutionGuid = {F28CFB66-6075-4ED7-B809-5B69FB437830}
	EndGlobalSection
EndGlobal
